
Microsoft Visual Studio Solution File, Format Version 10.00
# Visual Studio 2008
Project("{8BC9CEB8-8B4A-11D0-8D11-00A0C91BC942}") = "BinaryTree", "BinaryTree\BinaryTree.vcproj", "{5ABE238B-F237-4EC2-9E6C-1750F428A091}"
EndProject
Global
	GlobalSection(SolutionConfigurationPlatforms) = preSolution
		Debug|Win32 = Debug|Win32
		Release|Win32 = Release|Win32
	EndGlobalSection
	GlobalSection(ProjectConfigurationPlatforms) = postSolution
		{5ABE238B-F237-4EC2-9E6C-1750F428A091}.Debug|Win32.ActiveCfg = Debug|Win32
		{5ABE238B-F237-4EC2-9E6C-1750F428A091}.Debug|Win32.Build.0 = Debug|Win32
		{5ABE238B-F237-4EC2-9E6C-1750F428A091}.Release|Win32.ActiveCfg = Release|Win32
		{5ABE238B-F237-4EC2-9E6C-1750F428A091}.Release|Win32.Build.0 = Release|Win32
	EndGlobalSection
	GlobalSection(SolutionProperties) = preSolution
		HideSolutionNode = FALSE
	EndGlobalSection
EndGlobal
