
Microsoft Visual Studio Solution File, Format Version 10.00
# Visual Studio 2008
Project("{8BC9CEB8-8B4A-11D0-8D11-00A0C91BC942}") = "Text Game", "Text Game\Text Game.vcproj", "{52C64A70-6A15-4E54-B7FE-0CEED6395DAC}"
EndProject
Global
	GlobalSection(SolutionConfigurationPlatforms) = preSolution
		Debug|Win32 = Debug|Win32
		Release|Win32 = Release|Win32
	EndGlobalSection
	GlobalSection(ProjectConfigurationPlatforms) = postSolution
		{52C64A70-6A15-4E54-B7FE-0CEED6395DAC}.Debug|Win32.ActiveCfg = Debug|Win32
		{52C64A70-6A15-4E54-B7FE-0CEED6395DAC}.Debug|Win32.Build.0 = Debug|Win32
		{52C64A70-6A15-4E54-B7FE-0CEED6395DAC}.Release|Win32.ActiveCfg = Release|Win32
		{52C64A70-6A15-4E54-B7FE-0CEED6395DAC}.Release|Win32.Build.0 = Release|Win32
	EndGlobalSection
	GlobalSection(SolutionProperties) = preSolution
		HideSolutionNode = FALSE
	EndGlobalSection
EndGlobal
